# THIS IS AN AUTOGENERATED FILE. DO NOT EDIT THIS FILE DIRECTLY.
# yarn lockfile v1


fslightbox-react@^1.6.2-2:
  version "1.6.2-2"
  resolved "https://registry.yarnpkg.com/fslightbox-react/-/fslightbox-react-1.6.2-2.tgz#8525bf1d5a36d608b7917a032f1c35c88b1a87a9"
  integrity sha512-7jpiU6AiQkauIhKhN9ko3UIZ9GY4SUO1AoMzOypUFnmfH0+UgPgPeShJFN+B70bZHhmFjjH7r7xjyPFSo4mzCQ==
